
Microsoft Visual Studio Solution File, Format Version 12.00
# Visual Studio Version 16
VisualStudioVersion = 16.0.31515.178
MinimumVisualStudioVersion = 10.0.40219.1
Project("{9A19103F-16F7-4668-BE54-9A1E7A4F7556}") = "Tester.Meta", "Tester.Meta\Tester.Meta.csproj", "{5423BBC7-16BF-4482-BD22-594C34E33A7D}"
EndProject
Project("{9A19103F-16F7-4668-BE54-9A1E7A4F7556}") = "Tester.XUnitTests", "Tester.XUnitTests\Tester.XUnitTests.csproj", "{68B26776-0091-4BA2-A99C-923B5E7B7E6A}"
EndProject
Project("{9A19103F-16F7-4668-BE54-9A1E7A4F7556}") = "Algorithms.FirstTask", "Algorithms.FirstTask\Algorithms.FirstTask.csproj", "{3472C848-5B36-4B5A-901E-523F908A6A72}"
EndProject
Project("{9A19103F-16F7-4668-BE54-9A1E7A4F7556}") = "ConsoleTest", "ConsoleTest\ConsoleTest.csproj", "{AF2037B0-E201-4359-B175-E13AA6D91071}"
EndProject
Global
	GlobalSection(SolutionConfigurationPlatforms) = preSolution
		Debug|Any CPU = Debug|Any CPU
		Release|Any CPU = Release|Any CPU
	EndGlobalSection
	GlobalSection(ProjectConfigurationPlatforms) = postSolution
		{5423BBC7-16BF-4482-BD22-594C34E33A7D}.Debug|Any CPU.ActiveCfg = Debug|Any CPU
		{5423BBC7-16BF-4482-BD22-594C34E33A7D}.Debug|Any CPU.Build.0 = Debug|Any CPU
		{5423BBC7-16BF-4482-BD22-594C34E33A7D}.Release|Any CPU.ActiveCfg = Release|Any CPU
		{5423BBC7-16BF-4482-BD22-594C34E33A7D}.Release|Any CPU.Build.0 = Release|Any CPU
		{68B26776-0091-4BA2-A99C-923B5E7B7E6A}.Debug|Any CPU.ActiveCfg = Debug|Any CPU
		{68B26776-0091-4BA2-A99C-923B5E7B7E6A}.Debug|Any CPU.Build.0 = Debug|Any CPU
		{68B26776-0091-4BA2-A99C-923B5E7B7E6A}.Release|Any CPU.ActiveCfg = Release|Any CPU
		{68B26776-0091-4BA2-A99C-923B5E7B7E6A}.Release|Any CPU.Build.0 = Release|Any CPU
		{3472C848-5B36-4B5A-901E-523F908A6A72}.Debug|Any CPU.ActiveCfg = Debug|Any CPU
		{3472C848-5B36-4B5A-901E-523F908A6A72}.Debug|Any CPU.Build.0 = Debug|Any CPU
		{3472C848-5B36-4B5A-901E-523F908A6A72}.Release|Any CPU.ActiveCfg = Release|Any CPU
		{3472C848-5B36-4B5A-901E-523F908A6A72}.Release|Any CPU.Build.0 = Release|Any CPU
		{AF2037B0-E201-4359-B175-E13AA6D91071}.Debug|Any CPU.ActiveCfg = Debug|Any CPU
		{AF2037B0-E201-4359-B175-E13AA6D91071}.Debug|Any CPU.Build.0 = Debug|Any CPU
		{AF2037B0-E201-4359-B175-E13AA6D91071}.Release|Any CPU.ActiveCfg = Release|Any CPU
		{AF2037B0-E201-4359-B175-E13AA6D91071}.Release|Any CPU.Build.0 = Release|Any CPU
	EndGlobalSection
	GlobalSection(SolutionProperties) = preSolution
		HideSolutionNode = FALSE
	EndGlobalSection
	GlobalSection(ExtensibilityGlobals) = postSolution
		SolutionGuid = {3ADD8A3A-72BC-43DA-8159-FE9BB2A6B0A4}
	EndGlobalSection
EndGlobal
